
Microsoft Visual Studio Solution File, Format Version 12.00
# Visual Studio 15
VisualStudioVersion = 15.0.28010.2003
MinimumVisualStudioVersion = 10.0.40219.1
Project("{FAE04EC0-301F-11D3-BF4B-00C04F79EFBC}") = "jogopalavrascruzadas", "jogopalavrascruzadas\jogopalavrascruzadas.csproj", "{37BC130B-24A4-498D-874E-046BE554EC8B}"
EndProject
Global
	GlobalSection(SolutionConfigurationPlatforms) = preSolution
		Debug|Any CPU = Debug|Any CPU
		Release|Any CPU = Release|Any CPU
	EndGlobalSection
	GlobalSection(ProjectConfigurationPlatforms) = postSolution
		{37BC130B-24A4-498D-874E-046BE554EC8B}.Debug|Any CPU.ActiveCfg = Debug|Any CPU
		{37BC130B-24A4-498D-874E-046BE554EC8B}.Debug|Any CPU.Build.0 = Debug|Any CPU
		{37BC130B-24A4-498D-874E-046BE554EC8B}.Release|Any CPU.ActiveCfg = Release|Any CPU
		{37BC130B-24A4-498D-874E-046BE554EC8B}.Release|Any CPU.Build.0 = Release|Any CPU
	EndGlobalSection
	GlobalSection(SolutionProperties) = preSolution
		HideSolutionNode = FALSE
	EndGlobalSection
	GlobalSection(ExtensibilityGlobals) = postSolution
		SolutionGuid = {08F509C7-73D3-4EEE-B281-1A49C565539E}
	EndGlobalSection
EndGlobal
